
Microsoft Visual Studio Solution File, Format Version 12.00
# Visual Studio Version 17
VisualStudioVersion = 17.8.34525.116
MinimumVisualStudioVersion = 10.0.40219.1
Project("{FAE04EC0-301F-11D3-BF4B-00C04F79EFBC}") = "ECommerceWebsite", "ECommerceWebsite\ECommerceWebsite.csproj", "{1D9ED064-B0E5-483F-8974-C2A787FFBA4E}"
EndProject
Project("{FAE04EC0-301F-11D3-BF4B-00C04F79EFBC}") = "ECommerceDbContext", "ECommerceDbContext\ECommerceDbContext.csproj", "{62DC0C5D-0C6B-4761-98A1-B92AB737F378}"
EndProject
Project("{FAE04EC0-301F-11D3-BF4B-00C04F79EFBC}") = "ECommerceAPIs", "ECommerceAPIs\ECommerceAPIs.csproj", "{3827435A-1812-4A47-809F-8509F3A2E587}"
EndProject
Global
	GlobalSection(SolutionConfigurationPlatforms) = preSolution
		Debug|Any CPU = Debug|Any CPU
		Release|Any CPU = Release|Any CPU
	EndGlobalSection
	GlobalSection(ProjectConfigurationPlatforms) = postSolution
		{1D9ED064-B0E5-483F-8974-C2A787FFBA4E}.Debug|Any CPU.ActiveCfg = Debug|Any CPU
		{1D9ED064-B0E5-483F-8974-C2A787FFBA4E}.Debug|Any CPU.Build.0 = Debug|Any CPU
		{1D9ED064-B0E5-483F-8974-C2A787FFBA4E}.Release|Any CPU.ActiveCfg = Release|Any CPU
		{1D9ED064-B0E5-483F-8974-C2A787FFBA4E}.Release|Any CPU.Build.0 = Release|Any CPU
		{62DC0C5D-0C6B-4761-98A1-B92AB737F378}.Debug|Any CPU.ActiveCfg = Debug|Any CPU
		{62DC0C5D-0C6B-4761-98A1-B92AB737F378}.Debug|Any CPU.Build.0 = Debug|Any CPU
		{62DC0C5D-0C6B-4761-98A1-B92AB737F378}.Release|Any CPU.ActiveCfg = Release|Any CPU
		{62DC0C5D-0C6B-4761-98A1-B92AB737F378}.Release|Any CPU.Build.0 = Release|Any CPU
		{3827435A-1812-4A47-809F-8509F3A2E587}.Debug|Any CPU.ActiveCfg = Debug|Any CPU
		{3827435A-1812-4A47-809F-8509F3A2E587}.Debug|Any CPU.Build.0 = Debug|Any CPU
		{3827435A-1812-4A47-809F-8509F3A2E587}.Release|Any CPU.ActiveCfg = Release|Any CPU
		{3827435A-1812-4A47-809F-8509F3A2E587}.Release|Any CPU.Build.0 = Release|Any CPU
	EndGlobalSection
	GlobalSection(SolutionProperties) = preSolution
		HideSolutionNode = FALSE
	EndGlobalSection
	GlobalSection(ExtensibilityGlobals) = postSolution
		SolutionGuid = {6CB701F3-F669-40F5-8183-56428DF6E062}
	EndGlobalSection
EndGlobal
